
Microsoft Visual Studio Solution File, Format Version 12.00
# Visual Studio 2022
Project("{FAE04EC0-301F-11D3-BF4B-00C04F79EFBC}") = "Spectra", "Spectra\Spectra.csproj", "{747CE5B6-4FE5-4452-80CB-D9C1A922DF46}"
EndProject
Global
	GlobalSection(SolutionConfigurationPlatforms) = preSolution
		Debug|x86 = Debug|x86
		Release|x86 = Release|x86
	EndGlobalSection
	GlobalSection(ProjectConfigurationPlatforms) = postSolution
		{747CE5B6-4FE5-4452-80CB-D9C1A922DF46}.Debug|x86.ActiveCfg = Debug|x86
		{747CE5B6-4FE5-4452-80CB-D9C1A922DF46}.Debug|x86.Build.0 = Debug|x86
		{747CE5B6-4FE5-4452-80CB-D9C1A922DF46}.Release|x86.ActiveCfg = Release|x86
		{747CE5B6-4FE5-4452-80CB-D9C1A922DF46}.Release|x86.Build.0 = Release|x86
	EndGlobalSection
	GlobalSection(SolutionProperties) = preSolution
		HideSolutionNode = FALSE
	EndGlobalSection
EndGlobal
